
Microsoft Visual Studio Solution File, Format Version 12.00
# Visual Studio 15
VisualStudioVersion = 15.0.28307.489
MinimumVisualStudioVersion = 10.0.40219.1
Project("{9A19103F-16F7-4668-BE54-9A1E7A4F7556}") = "Sales.WebApi", "SaleService.WebApi\Sales.WebApi.csproj", "{78FFFD32-F19F-4D88-BD9B-742D244BC204}"
EndProject
Project("{9A19103F-16F7-4668-BE54-9A1E7A4F7556}") = "Sales", "SaleService\Sales.csproj", "{D5D30376-4C30-4351-855B-C523DEB0EC5E}"
EndProject
Project("{9A19103F-16F7-4668-BE54-9A1E7A4F7556}") = "Sales.Data", "SaleService.Data\Sales.Data.csproj", "{F592D7AD-6673-4501-A4CB-FE6907A2F321}"
EndProject
Project("{FAE04EC0-301F-11D3-BF4B-00C04F79EFBC}") = "Sale.Tests", "Sale.Tests\Sale.Tests.csproj", "{17612ABB-95DA-4399-AD8B-6C4027ADF625}"
EndProject
Global
	GlobalSection(SolutionConfigurationPlatforms) = preSolution
		Debug|Any CPU = Debug|Any CPU
		Release|Any CPU = Release|Any CPU
	EndGlobalSection
	GlobalSection(ProjectConfigurationPlatforms) = postSolution
		{78FFFD32-F19F-4D88-BD9B-742D244BC204}.Debug|Any CPU.ActiveCfg = Debug|Any CPU
		{78FFFD32-F19F-4D88-BD9B-742D244BC204}.Debug|Any CPU.Build.0 = Debug|Any CPU
		{78FFFD32-F19F-4D88-BD9B-742D244BC204}.Release|Any CPU.ActiveCfg = Release|Any CPU
		{78FFFD32-F19F-4D88-BD9B-742D244BC204}.Release|Any CPU.Build.0 = Release|Any CPU
		{D5D30376-4C30-4351-855B-C523DEB0EC5E}.Debug|Any CPU.ActiveCfg = Debug|Any CPU
		{D5D30376-4C30-4351-855B-C523DEB0EC5E}.Debug|Any CPU.Build.0 = Debug|Any CPU
		{D5D30376-4C30-4351-855B-C523DEB0EC5E}.Release|Any CPU.ActiveCfg = Release|Any CPU
		{D5D30376-4C30-4351-855B-C523DEB0EC5E}.Release|Any CPU.Build.0 = Release|Any CPU
		{F592D7AD-6673-4501-A4CB-FE6907A2F321}.Debug|Any CPU.ActiveCfg = Debug|Any CPU
		{F592D7AD-6673-4501-A4CB-FE6907A2F321}.Debug|Any CPU.Build.0 = Debug|Any CPU
		{F592D7AD-6673-4501-A4CB-FE6907A2F321}.Release|Any CPU.ActiveCfg = Release|Any CPU
		{F592D7AD-6673-4501-A4CB-FE6907A2F321}.Release|Any CPU.Build.0 = Release|Any CPU
		{17612ABB-95DA-4399-AD8B-6C4027ADF625}.Debug|Any CPU.ActiveCfg = Debug|Any CPU
		{17612ABB-95DA-4399-AD8B-6C4027ADF625}.Debug|Any CPU.Build.0 = Debug|Any CPU
		{17612ABB-95DA-4399-AD8B-6C4027ADF625}.Release|Any CPU.ActiveCfg = Release|Any CPU
		{17612ABB-95DA-4399-AD8B-6C4027ADF625}.Release|Any CPU.Build.0 = Release|Any CPU
	EndGlobalSection
	GlobalSection(SolutionProperties) = preSolution
		HideSolutionNode = FALSE
	EndGlobalSection
	GlobalSection(ExtensibilityGlobals) = postSolution
		SolutionGuid = {483E01C7-88A9-483D-A455-4A61786C0262}
	EndGlobalSection
EndGlobal
